<Solution>
  <Folder Name="/src/">
    <Project Path="src/MashiroLauncher.App/MashiroLauncher.App.csproj" />
    <Project Path="src/MashiroLauncher.Cli/MashiroLauncher.Cli.csproj" />
    <Project Path="src/MashiroLauncher.Core/MashiroLauncher.Core.csproj" />
  </Folder>
  <Folder Name="/tests/">
    <Project Path="tests/MashiroLauncher.Core.Tests/MashiroLauncher.Core.Tests.csproj" />
  </Folder>
</Solution>
